{
  "name": "listenyoutube",
  "version": "1.0.0",
  "lockfileVersion": 1,
  "requires": true,
  "dependencies": {
    "async": {
      "version": "2.6.1",
      "resolved": "https://registry.npmjs.org/async/-/async-2.6.1.tgz",
      "integrity": "sha512-fNEiL2+AZt6AlAw/29Cr0UDe4sRAHCpEHh54WMz+Bb7QfNcFw4h3loofyJpLeQs4Yx7yuqu/2dLgM5hKOs6HlQ==",
      "requires": {
        "lodash": "^4.17.10"
      }
    },
    "fluent-ffmpeg": {
      "version": "2.1.2",
      "resolved": "https://registry.npmjs.org/fluent-ffmpeg/-/fluent-ffmpeg-2.1.2.tgz",
      "integrity": "sha1-yVLeIkD4EuvaCqgAbXd27irPfXQ=",
      "requires": {
        "async": ">=0.2.9",
        "which": "^1.1.1"
      }
    },
    "html-entities": {
      "version": "1.2.1",
      "resolved": "https://registry.npmjs.org/html-entities/-/html-entities-1.2.1.tgz",
      "integrity": "sha1-DfKTUfByEWNRXfueVUPl9u7VFi8="
    },
    "isexe": {
      "version": "2.0.0",
      "resolved": "https://registry.npmjs.org/isexe/-/isexe-2.0.0.tgz",
      "integrity": "sha1-6PvzdNxVb/iUehDcsFctYz8s+hA="
    },
    "lodash": {
      "version": "4.17.10",
      "resolved": "https://registry.npmjs.org/lodash/-/lodash-4.17.10.tgz",
      "integrity": "sha512-UejweD1pDoXu+AD825lWwp4ZGtSwgnpZxb3JDViD7StjQz+Nb/6l093lx4OQ0foGWNRoc19mWy7BzL+UAK2iVg=="
    },
    "m3u8stream": {
      "version": "0.3.0",
      "resolved": "https://registry.npmjs.org/m3u8stream/-/m3u8stream-0.3.0.tgz",
      "integrity": "sha512-0tvjXDIa6BolPEGo9zioQiPqfQhjopZXN3L7vZH/rZQCOLd4rPXNZc1UBMdW3TRpjNBoD0+F1X41/f0iY23rlQ==",
      "requires": {
        "miniget": "^1.1.0"
      }
    },
    "miniget": {
      "version": "1.3.0",
      "resolved": "https://registry.npmjs.org/miniget/-/miniget-1.3.0.tgz",
      "integrity": "sha512-qvj5v1gbTvK6iVt1DqYrF0B9Lm6VAPNCa930TmTDQp6i1svDzzV8geu+e87XA14OBWDsWENptnP6BO9iJJOD9Q=="
    },
    "sanitize-filename": {
      "version": "1.6.1",
      "resolved": "https://registry.npmjs.org/sanitize-filename/-/sanitize-filename-1.6.1.tgz",
      "integrity": "sha1-YS2hyWRz+gLczaktzVtKsWSmdyo=",
      "requires": {
        "truncate-utf8-bytes": "^1.0.0"
      }
    },
    "sax": {
      "version": "1.2.4",
      "resolved": "https://registry.npmjs.org/sax/-/sax-1.2.4.tgz",
      "integrity": "sha512-NqVDv9TpANUjFm0N8uM5GxL36UgKi9/atZw+x7YFnQ8ckwFGKrl4xX4yWtrey3UJm5nP1kUbnYgLopqWNSRhWw=="
    },
    "truncate-utf8-bytes": {
      "version": "1.0.2",
      "resolved": "https://registry.npmjs.org/truncate-utf8-bytes/-/truncate-utf8-bytes-1.0.2.tgz",
      "integrity": "sha1-QFkjkJWS1W94pYGENLC3hInKXys=",
      "requires": {
        "utf8-byte-length": "^1.0.1"
      }
    },
    "utf8-byte-length": {
      "version": "1.0.4",
      "resolved": "https://registry.npmjs.org/utf8-byte-length/-/utf8-byte-length-1.0.4.tgz",
      "integrity": "sha1-9F8VDExm7uloGGUFq5P8u4rWv2E="
    },
    "which": {
      "version": "1.3.1",
      "resolved": "https://registry.npmjs.org/which/-/which-1.3.1.tgz",
      "integrity": "sha512-HxJdYWq1MTIQbJ3nw0cqssHoTNU267KlrDuGZ1WYlxDStUtKUhOaJmh112/TZmHxxUfuJqPXSOm7tDyas0OSIQ==",
      "requires": {
        "isexe": "^2.0.0"
      }
    },
    "ytdl-core": {
      "version": "0.24.0",
      "resolved": "https://registry.npmjs.org/ytdl-core/-/ytdl-core-0.24.0.tgz",
      "integrity": "sha512-VwCe+uhKz2M1cH0UEnNxVQyLwGK8DIJgbUPF9svEh0zxUl2DP7LORCDIloLqDUxR6JnC3s01GU0YPxiOmjcqVA==",
      "requires": {
        "html-entities": "^1.1.3",
        "m3u8stream": "^0.3.0",
        "miniget": "^1.1.0",
        "sax": "^1.1.3"
      }
    }
  }
}
